# This file is automatically @generated by Cargo.
# It is not intended for manual editing.
version = 4

[[package]]
name = "appport-auth-mesh-authz"
version = "0.1.0"
dependencies = [
 "appport-auth-mesh-contract",
]

[[package]]
name = "appport-auth-mesh-contract"
version = "0.1.0"

[[package]]
name = "appport-auth-mesh-dsl"
version = "0.1.0"

[[package]]
name = "appport-auth-mesh-providers"
version = "0.1.0"

[[package]]
name = "appport-auth-mesh-runtime"
version = "0.1.0"
dependencies = [
 "appport-auth-mesh-authz",
 "appport-auth-mesh-contract",
 "appport-auth-mesh-dsl",
]

[[package]]
name = "appport-auth-mesh-storage"
version = "0.1.0"
dependencies = [
 "appport-auth-mesh-contract",
]

[[package]]
name = "saas_basic"
version = "0.1.0"
dependencies = [
 "appport-auth-mesh-dsl",
]
