{
  "name": "@authboundry/core",
  "version": "1.10.0",
  "lockfileVersion": 3,
  "requires": true,
  "packages": {
    "": {
      "name": "@authboundry/core",
      "version": "1.10.0",
      "license": "UNLICENSED",
      "bin": {
        "authboundry": "bin/authboundry.js"
      },
      "engines": {
        "node": ">=18"
      }
    }
  }
}
