{
  "name": "@authboundry/core",
  "version": "1.15.0",
  "lockfileVersion": 3,
  "requires": true,
  "packages": {
    "": {
      "name": "@authboundry/core",
      "version": "1.15.0",
      "license": "UNLICENSED",
      "dependencies": {
        "@feltdb/core": "0.10.0",
        "@mailerport/sdk": "^0.1.0"
      },
      "bin": {
        "authboundry": "bin/authboundry.js"
      },
      "engines": {
        "node": ">=18"
      }
    },
    "node_modules/@feltdb/core": {
      "version": "0.10.0",
      "resolved": "https://registry.npmjs.org/@feltdb/core/-/core-0.10.0.tgz",
      "integrity": "sha512-ACf/kOWSxVpPoWdfSqznKmNn3xGKZu8CKBUEOJRYNYAQI9q2kH0ZNw0o4rW8GgoEAecOj3QTc9RKHXyUGDsW/Q==",
      "license": "MIT",
      "bin": {
        "create-feltdb": "bin/create-feltdb.js",
        "feltdb": "bin/feltdb.js"
      },
      "engines": {
        "node": ">=14"
      },
      "peerDependencies": {
        "react": "^16.8.0 || ^17.0.0 || ^18.0.0 || ^19.0.0",
        "react-dom": "^16.8.0 || ^17.0.0 || ^18.0.0 || ^19.0.0",
        "react-router-dom": "^7.0.0"
      },
      "peerDependenciesMeta": {
        "react": {
          "optional": true
        },
        "react-dom": {
          "optional": true
        },
        "react-router-dom": {
          "optional": true
        }
      }
    },
    "node_modules/@mailerport/core": {
      "version": "0.1.0",
      "resolved": "https://registry.npmjs.org/@mailerport/core/-/core-0.1.0.tgz",
      "integrity": "sha512-XPKwKr9qi+B6YZAlBjtOCYrjMfIczp47/LP/z+XsLhwVl4yestuLRnCUw8Y0vhdfkevCCTFFeZf0P+MgJz7pOQ==",
      "license": "MIT",
      "engines": {
        "node": ">=20"
      }
    },
    "node_modules/@mailerport/sdk": {
      "version": "0.1.0",
      "resolved": "https://registry.npmjs.org/@mailerport/sdk/-/sdk-0.1.0.tgz",
      "integrity": "sha512-2ycXETVsqkEHArhg2Z1LlnU7TTKZsgXkQlyS4xh9B2vlNLE9ScCCYZkC0IewPhr0Pm0pgKU9Q7nBpoXf7llMcA==",
      "license": "MIT",
      "dependencies": {
        "@mailerport/core": "0.1.0"
      },
      "engines": {
        "node": ">=20"
      }
    }
  }
}
